
Microsoft Visual Studio Solution File, Format Version 12.00
# Visual Studio 2015
Project("{FAE04EC0-301F-11D3-BF4B-00C04F79EFBC}") = "Project 3.CSharp.Plugins", "Project 3.CSharp.Plugins.csproj", "{1C7ED75A-CD7F-6590-3087-C9768A61B030}"
EndProject
Project("{FAE04EC0-301F-11D3-BF4B-00C04F79EFBC}") = "Project 3.CSharp", "Project 3.CSharp.csproj", "{3B6B58BE-74D1-410C-7EC1-FA3383D25074}"
EndProject
Project("{FAE04EC0-301F-11D3-BF4B-00C04F79EFBC}") = "Project 3.CSharp.Editor", "Project 3.CSharp.Editor.csproj", "{4324FE7A-9B06-AF96-3852-95F6D97EE2C1}"
EndProject
Global
	GlobalSection(SolutionConfigurationPlatforms) = preSolution
		Debug|Any CPU = Debug|Any CPU
		Release|Any CPU = Release|Any CPU
	EndGlobalSection
	GlobalSection(ProjectConfigurationPlatforms) = postSolution
		{1C7ED75A-CD7F-6590-3087-C9768A61B030}.Debug|Any CPU.ActiveCfg = Debug|Any CPU
		{1C7ED75A-CD7F-6590-3087-C9768A61B030}.Debug|Any CPU.Build.0 = Debug|Any CPU
		{1C7ED75A-CD7F-6590-3087-C9768A61B030}.Release|Any CPU.ActiveCfg = Release|Any CPU
		{1C7ED75A-CD7F-6590-3087-C9768A61B030}.Release|Any CPU.Build.0 = Release|Any CPU
		{3B6B58BE-74D1-410C-7EC1-FA3383D25074}.Debug|Any CPU.ActiveCfg = Debug|Any CPU
		{3B6B58BE-74D1-410C-7EC1-FA3383D25074}.Debug|Any CPU.Build.0 = Debug|Any CPU
		{3B6B58BE-74D1-410C-7EC1-FA3383D25074}.Release|Any CPU.ActiveCfg = Release|Any CPU
		{3B6B58BE-74D1-410C-7EC1-FA3383D25074}.Release|Any CPU.Build.0 = Release|Any CPU
		{4324FE7A-9B06-AF96-3852-95F6D97EE2C1}.Debug|Any CPU.ActiveCfg = Debug|Any CPU
		{4324FE7A-9B06-AF96-3852-95F6D97EE2C1}.Debug|Any CPU.Build.0 = Debug|Any CPU
		{4324FE7A-9B06-AF96-3852-95F6D97EE2C1}.Release|Any CPU.ActiveCfg = Release|Any CPU
		{4324FE7A-9B06-AF96-3852-95F6D97EE2C1}.Release|Any CPU.Build.0 = Release|Any CPU
	EndGlobalSection
	GlobalSection(SolutionProperties) = preSolution
		HideSolutionNode = FALSE
	EndGlobalSection
EndGlobal
